
Microsoft Visual Studio Solution File, Format Version 12.00
# Visual Studio Version 17
VisualStudioVersion = 17.14.36414.22 d17.14
MinimumVisualStudioVersion = 10.0.40219.1
Project("{FAE04EC0-301F-11D3-BF4B-00C04F79EFBC}") = "pryDiFiniRepuestos", "pryDiFiniRepuestos\pryDiFiniRepuestos.csproj", "{ACD99EB8-03F5-4313-927A-7580AFFB6482}"
EndProject
Global
	GlobalSection(SolutionConfigurationPlatforms) = preSolution
		Debug|Any CPU = Debug|Any CPU
		Release|Any CPU = Release|Any CPU
	EndGlobalSection
	GlobalSection(ProjectConfigurationPlatforms) = postSolution
		{ACD99EB8-03F5-4313-927A-7580AFFB6482}.Debug|Any CPU.ActiveCfg = Debug|Any CPU
		{ACD99EB8-03F5-4313-927A-7580AFFB6482}.Debug|Any CPU.Build.0 = Debug|Any CPU
		{ACD99EB8-03F5-4313-927A-7580AFFB6482}.Release|Any CPU.ActiveCfg = Release|Any CPU
		{ACD99EB8-03F5-4313-927A-7580AFFB6482}.Release|Any CPU.Build.0 = Release|Any CPU
	EndGlobalSection
	GlobalSection(SolutionProperties) = preSolution
		HideSolutionNode = FALSE
	EndGlobalSection
	GlobalSection(ExtensibilityGlobals) = postSolution
		SolutionGuid = {491E08E4-C181-4CAD-B8F0-B440178DA5F0}
	EndGlobalSection
EndGlobal
